
Microsoft Visual Studio Solution File, Format Version 12.00
# Visual Studio Version 16
VisualStudioVersion = 16.0.30503.244
MinimumVisualStudioVersion = 10.0.40219.1
Project("{FAE04EC0-301F-11D3-BF4B-00C04F79EFBC}") = "TBAppAcier", "TBAppAcier\TBAppAcier.csproj", "{B988D591-CB19-4A22-BDF7-6F8FEA62F2B1}"
EndProject
Project("{FAE04EC0-301F-11D3-BF4B-00C04F79EFBC}") = "TBAppAcierLibrairieClasses", "TBAppAcierLibrairieClasses\TBAppAcierLibrairieClasses.csproj", "{D0729A87-F424-4708-B855-7C8AA3CB1208}"
EndProject
Global
	GlobalSection(SolutionConfigurationPlatforms) = preSolution
		Debug|Any CPU = Debug|Any CPU
		Release|Any CPU = Release|Any CPU
	EndGlobalSection
	GlobalSection(ProjectConfigurationPlatforms) = postSolution
		{B988D591-CB19-4A22-BDF7-6F8FEA62F2B1}.Debug|Any CPU.ActiveCfg = Debug|Any CPU
		{B988D591-CB19-4A22-BDF7-6F8FEA62F2B1}.Debug|Any CPU.Build.0 = Debug|Any CPU
		{B988D591-CB19-4A22-BDF7-6F8FEA62F2B1}.Release|Any CPU.ActiveCfg = Release|Any CPU
		{B988D591-CB19-4A22-BDF7-6F8FEA62F2B1}.Release|Any CPU.Build.0 = Release|Any CPU
		{D0729A87-F424-4708-B855-7C8AA3CB1208}.Debug|Any CPU.ActiveCfg = Debug|Any CPU
		{D0729A87-F424-4708-B855-7C8AA3CB1208}.Debug|Any CPU.Build.0 = Debug|Any CPU
		{D0729A87-F424-4708-B855-7C8AA3CB1208}.Release|Any CPU.ActiveCfg = Release|Any CPU
		{D0729A87-F424-4708-B855-7C8AA3CB1208}.Release|Any CPU.Build.0 = Release|Any CPU
	EndGlobalSection
	GlobalSection(SolutionProperties) = preSolution
		HideSolutionNode = FALSE
	EndGlobalSection
	GlobalSection(ExtensibilityGlobals) = postSolution
		SolutionGuid = {D9266DEF-61A8-42AC-896C-9C6EDCB073AD}
	EndGlobalSection
EndGlobal
